
Microsoft Visual Studio Solution File, Format Version 12.00
# Visual Studio Version 16
VisualStudioVersion = 16.0.31702.278
MinimumVisualStudioVersion = 10.0.40219.1
Project("{9A19103F-16F7-4668-BE54-9A1E7A4F7556}") = "ACTAP", "ACTAP.csproj", "{CC8EFE6D-AA06-4334-8B4F-D442B7494E2F}"
EndProject
Project("{2150E333-8FDC-42A3-9474-1A3956D46DE8}") = "Solution Items", "Solution Items", "{46FE109E-ABC5-46FA-86E6-B6A2C59F5973}"
	ProjectSection(SolutionItems) = preProject
		.editorconfig = .editorconfig
	EndProjectSection
EndProject
Global
	GlobalSection(SolutionConfigurationPlatforms) = preSolution
		Debug|Any CPU = Debug|Any CPU
		Release|Any CPU = Release|Any CPU
	EndGlobalSection
	GlobalSection(ProjectConfigurationPlatforms) = postSolution
		{CC8EFE6D-AA06-4334-8B4F-D442B7494E2F}.Debug|Any CPU.ActiveCfg = Debug|Any CPU
		{CC8EFE6D-AA06-4334-8B4F-D442B7494E2F}.Debug|Any CPU.Build.0 = Debug|Any CPU
		{CC8EFE6D-AA06-4334-8B4F-D442B7494E2F}.Release|Any CPU.ActiveCfg = Release|Any CPU
		{CC8EFE6D-AA06-4334-8B4F-D442B7494E2F}.Release|Any CPU.Build.0 = Release|Any CPU
	EndGlobalSection
	GlobalSection(SolutionProperties) = preSolution
		HideSolutionNode = FALSE
	EndGlobalSection
	GlobalSection(ExtensibilityGlobals) = postSolution
		SolutionGuid = {CF679BD2-3F83-46AD-A9B0-748D9B31EAF2}
	EndGlobalSection
EndGlobal
